
Microsoft Visual Studio Solution File, Format Version 12.00
# Visual Studio Version 16
VisualStudioVersion = 25.0.1706.1
MinimumVisualStudioVersion = 10.0.40219.1
Project("{FAE04EC0-301F-11D3-BF4B-00C04F79EFBC}") = "Excercise6", "Excercise6\Excercise6.csproj", "{A1FDCE07-BAF2-43B1-9B5B-B59CBE53971B}"
EndProject
Global
	GlobalSection(SolutionConfigurationPlatforms) = preSolution
		Debug|Any CPU = Debug|Any CPU
		Release|Any CPU = Release|Any CPU
	EndGlobalSection
	GlobalSection(ProjectConfigurationPlatforms) = postSolution
		{A1FDCE07-BAF2-43B1-9B5B-B59CBE53971B}.Debug|Any CPU.ActiveCfg = Debug|Any CPU
		{A1FDCE07-BAF2-43B1-9B5B-B59CBE53971B}.Debug|Any CPU.Build.0 = Debug|Any CPU
		{A1FDCE07-BAF2-43B1-9B5B-B59CBE53971B}.Release|Any CPU.ActiveCfg = Release|Any CPU
		{A1FDCE07-BAF2-43B1-9B5B-B59CBE53971B}.Release|Any CPU.Build.0 = Release|Any CPU
	EndGlobalSection
	GlobalSection(SolutionProperties) = preSolution
		HideSolutionNode = FALSE
	EndGlobalSection
	GlobalSection(ExtensibilityGlobals) = postSolution
		SolutionGuid = {3C40712E-8E8F-47D2-A719-A87D3F988805}
	EndGlobalSection
EndGlobal
